
Microsoft Visual Studio Solution File, Format Version 12.00
# Visual Studio Version 17
VisualStudioVersion = 17.4.33213.308
MinimumVisualStudioVersion = 10.0.40219.1
Project("{F184B08F-C81C-45F6-A57F-5ABD9991F28F}") = "FERMS Client", "FERMS Client.vbproj", "{A48C559C-FD29-4842-A504-AA4CBA4BD93D}"
EndProject
Global
	GlobalSection(SolutionConfigurationPlatforms) = preSolution
		Debug|Any CPU = Debug|Any CPU
		Release|Any CPU = Release|Any CPU
	EndGlobalSection
	GlobalSection(ProjectConfigurationPlatforms) = postSolution
		{A48C559C-FD29-4842-A504-AA4CBA4BD93D}.Debug|Any CPU.ActiveCfg = Debug|Any CPU
		{A48C559C-FD29-4842-A504-AA4CBA4BD93D}.Debug|Any CPU.Build.0 = Debug|Any CPU
		{A48C559C-FD29-4842-A504-AA4CBA4BD93D}.Release|Any CPU.ActiveCfg = Release|Any CPU
		{A48C559C-FD29-4842-A504-AA4CBA4BD93D}.Release|Any CPU.Build.0 = Release|Any CPU
	EndGlobalSection
	GlobalSection(SolutionProperties) = preSolution
		HideSolutionNode = FALSE
	EndGlobalSection
	GlobalSection(ExtensibilityGlobals) = postSolution
		SolutionGuid = {4CA693E0-C05C-446E-B684-64E1A2351E41}
	EndGlobalSection
EndGlobal
